
Microsoft Visual Studio Solution File, Format Version 12.00
# Visual Studio Version 16
VisualStudioVersion = 16.0.31911.196
MinimumVisualStudioVersion = 10.0.40219.1
Project("{2150E333-8FDC-42A3-9474-1A3956D46DE8}") = "Microservices", "Microservices", "{DAE47973-F19B-4D17-9582-D83C56B6FD22}"
EndProject
Project("{2150E333-8FDC-42A3-9474-1A3956D46DE8}") = "Domain", "Domain", "{F63F764B-99F1-438F-851A-CF6059CD99C4}"
EndProject
Project("{2150E333-8FDC-42A3-9474-1A3956D46DE8}") = "Infra.Bus", "Infra.Bus", "{5F676318-DC1E-4E12-B598-E9B03FD27F7A}"
EndProject
Project("{2150E333-8FDC-42A3-9474-1A3956D46DE8}") = "Infra.IoC", "Infra.IoC", "{C3C82D5A-CE45-4D8B-8815-83B5385863D6}"
EndProject
Project("{2150E333-8FDC-42A3-9474-1A3956D46DE8}") = "Presentation", "Presentation", "{753C3BDD-4800-44CE-8FEA-AD103D9173C6}"
EndProject
Project("{9A19103F-16F7-4668-BE54-9A1E7A4F7556}") = "MicroRabbit.Domain.Core", "MicroRabbit.Domain.Core\MicroRabbit.Domain.Core.csproj", "{2A173EFC-25A5-40B8-AB5D-BCF7A65F4511}"
EndProject
Project("{FAE04EC0-301F-11D3-BF4B-00C04F79EFBC}") = "MicroRabbit.Infra.Bus", "MicroRabbit.Infra.Bus\MicroRabbit.Infra.Bus.csproj", "{B113859A-E9B7-4C67-BF45-72B564441B13}"
EndProject
Project("{FAE04EC0-301F-11D3-BF4B-00C04F79EFBC}") = "MicroRabbit.Infa.IoC", "MicroRabbit.Infa.IoC\MicroRabbit.Infa.IoC.csproj", "{566B2C07-9000-497C-B1DD-5BDC55FF5D4C}"
EndProject
Project("{2150E333-8FDC-42A3-9474-1A3956D46DE8}") = "Banking", "Banking", "{7450E219-7C0D-4EB0-8F3F-F8F655CC9239}"
EndProject
Project("{2150E333-8FDC-42A3-9474-1A3956D46DE8}") = "Api", "Api", "{353D497E-7885-4EC0-92EC-0C21B2B57DE7}"
EndProject
Project("{2150E333-8FDC-42A3-9474-1A3956D46DE8}") = "Application", "Application", "{88176FBF-3695-4C3D-8A9E-D38AB4FB1B57}"
EndProject
Project("{2150E333-8FDC-42A3-9474-1A3956D46DE8}") = "Data", "Data", "{BD95CCA1-9044-4616-81D8-A9BDE5FF7505}"
EndProject
Project("{2150E333-8FDC-42A3-9474-1A3956D46DE8}") = "Domain", "Domain", "{2082A4ED-1D8B-42AE-BA2A-B5DDDB340A05}"
EndProject
Project("{FAE04EC0-301F-11D3-BF4B-00C04F79EFBC}") = "MicroRabbit.Banking.Api", "MicroRabbit.Banking.Api\MicroRabbit.Banking.Api.csproj", "{57322A2A-FCE8-4AB3-95EE-674EF567F2DA}"
EndProject
Project("{FAE04EC0-301F-11D3-BF4B-00C04F79EFBC}") = "MicroRabbit.Banking.Application", "MicroRabbit.Banking.Application\MicroRabbit.Banking.Application.csproj", "{6DE90EF5-828E-40D1-ACAA-75F4A654CD44}"
EndProject
Project("{FAE04EC0-301F-11D3-BF4B-00C04F79EFBC}") = "MicroRabbit.Banking.Data", "MicroRabbit.Banking.Data\MicroRabbit.Banking.Data.csproj", "{ED0DF76A-3F5C-44AD-923F-007B460DA350}"
EndProject
Project("{FAE04EC0-301F-11D3-BF4B-00C04F79EFBC}") = "MicroRabbit.Banking.Domain", "MicroRabbit.Banking.Domain\MicroRabbit.Banking.Domain.csproj", "{2D50803A-42C8-4D3E-B176-BE0292D2D534}"
EndProject
Global
	GlobalSection(SolutionConfigurationPlatforms) = preSolution
		Debug|Any CPU = Debug|Any CPU
		Release|Any CPU = Release|Any CPU
	EndGlobalSection
	GlobalSection(ProjectConfigurationPlatforms) = postSolution
		{2A173EFC-25A5-40B8-AB5D-BCF7A65F4511}.Debug|Any CPU.ActiveCfg = Debug|Any CPU
		{2A173EFC-25A5-40B8-AB5D-BCF7A65F4511}.Debug|Any CPU.Build.0 = Debug|Any CPU
		{2A173EFC-25A5-40B8-AB5D-BCF7A65F4511}.Release|Any CPU.ActiveCfg = Release|Any CPU
		{2A173EFC-25A5-40B8-AB5D-BCF7A65F4511}.Release|Any CPU.Build.0 = Release|Any CPU
		{B113859A-E9B7-4C67-BF45-72B564441B13}.Debug|Any CPU.ActiveCfg = Debug|Any CPU
		{B113859A-E9B7-4C67-BF45-72B564441B13}.Debug|Any CPU.Build.0 = Debug|Any CPU
		{B113859A-E9B7-4C67-BF45-72B564441B13}.Release|Any CPU.ActiveCfg = Release|Any CPU
		{B113859A-E9B7-4C67-BF45-72B564441B13}.Release|Any CPU.Build.0 = Release|Any CPU
		{566B2C07-9000-497C-B1DD-5BDC55FF5D4C}.Debug|Any CPU.ActiveCfg = Debug|Any CPU
		{566B2C07-9000-497C-B1DD-5BDC55FF5D4C}.Debug|Any CPU.Build.0 = Debug|Any CPU
		{566B2C07-9000-497C-B1DD-5BDC55FF5D4C}.Release|Any CPU.ActiveCfg = Release|Any CPU
		{566B2C07-9000-497C-B1DD-5BDC55FF5D4C}.Release|Any CPU.Build.0 = Release|Any CPU
		{57322A2A-FCE8-4AB3-95EE-674EF567F2DA}.Debug|Any CPU.ActiveCfg = Debug|Any CPU
		{57322A2A-FCE8-4AB3-95EE-674EF567F2DA}.Debug|Any CPU.Build.0 = Debug|Any CPU
		{57322A2A-FCE8-4AB3-95EE-674EF567F2DA}.Release|Any CPU.ActiveCfg = Release|Any CPU
		{57322A2A-FCE8-4AB3-95EE-674EF567F2DA}.Release|Any CPU.Build.0 = Release|Any CPU
		{6DE90EF5-828E-40D1-ACAA-75F4A654CD44}.Debug|Any CPU.ActiveCfg = Debug|Any CPU
		{6DE90EF5-828E-40D1-ACAA-75F4A654CD44}.Debug|Any CPU.Build.0 = Debug|Any CPU
		{6DE90EF5-828E-40D1-ACAA-75F4A654CD44}.Release|Any CPU.ActiveCfg = Release|Any CPU
		{6DE90EF5-828E-40D1-ACAA-75F4A654CD44}.Release|Any CPU.Build.0 = Release|Any CPU
		{ED0DF76A-3F5C-44AD-923F-007B460DA350}.Debug|Any CPU.ActiveCfg = Debug|Any CPU
		{ED0DF76A-3F5C-44AD-923F-007B460DA350}.Debug|Any CPU.Build.0 = Debug|Any CPU
		{ED0DF76A-3F5C-44AD-923F-007B460DA350}.Release|Any CPU.ActiveCfg = Release|Any CPU
		{ED0DF76A-3F5C-44AD-923F-007B460DA350}.Release|Any CPU.Build.0 = Release|Any CPU
		{2D50803A-42C8-4D3E-B176-BE0292D2D534}.Debug|Any CPU.ActiveCfg = Debug|Any CPU
		{2D50803A-42C8-4D3E-B176-BE0292D2D534}.Debug|Any CPU.Build.0 = Debug|Any CPU
		{2D50803A-42C8-4D3E-B176-BE0292D2D534}.Release|Any CPU.ActiveCfg = Release|Any CPU
		{2D50803A-42C8-4D3E-B176-BE0292D2D534}.Release|Any CPU.Build.0 = Release|Any CPU
	EndGlobalSection
	GlobalSection(SolutionProperties) = preSolution
		HideSolutionNode = FALSE
	EndGlobalSection
	GlobalSection(NestedProjects) = preSolution
		{2A173EFC-25A5-40B8-AB5D-BCF7A65F4511} = {F63F764B-99F1-438F-851A-CF6059CD99C4}
		{B113859A-E9B7-4C67-BF45-72B564441B13} = {5F676318-DC1E-4E12-B598-E9B03FD27F7A}
		{566B2C07-9000-497C-B1DD-5BDC55FF5D4C} = {C3C82D5A-CE45-4D8B-8815-83B5385863D6}
		{7450E219-7C0D-4EB0-8F3F-F8F655CC9239} = {DAE47973-F19B-4D17-9582-D83C56B6FD22}
		{353D497E-7885-4EC0-92EC-0C21B2B57DE7} = {7450E219-7C0D-4EB0-8F3F-F8F655CC9239}
		{88176FBF-3695-4C3D-8A9E-D38AB4FB1B57} = {7450E219-7C0D-4EB0-8F3F-F8F655CC9239}
		{BD95CCA1-9044-4616-81D8-A9BDE5FF7505} = {7450E219-7C0D-4EB0-8F3F-F8F655CC9239}
		{2082A4ED-1D8B-42AE-BA2A-B5DDDB340A05} = {7450E219-7C0D-4EB0-8F3F-F8F655CC9239}
		{57322A2A-FCE8-4AB3-95EE-674EF567F2DA} = {353D497E-7885-4EC0-92EC-0C21B2B57DE7}
		{6DE90EF5-828E-40D1-ACAA-75F4A654CD44} = {88176FBF-3695-4C3D-8A9E-D38AB4FB1B57}
		{ED0DF76A-3F5C-44AD-923F-007B460DA350} = {BD95CCA1-9044-4616-81D8-A9BDE5FF7505}
		{2D50803A-42C8-4D3E-B176-BE0292D2D534} = {2082A4ED-1D8B-42AE-BA2A-B5DDDB340A05}
	EndGlobalSection
	GlobalSection(ExtensibilityGlobals) = postSolution
		SolutionGuid = {12BF3F12-F105-4951-9B63-EF08AE906E19}
	EndGlobalSection
EndGlobal
