
Microsoft Visual Studio Solution File, Format Version 12.00
# Visual Studio Version 16
VisualStudioVersion = 16.0.31911.196
MinimumVisualStudioVersion = 10.0.40219.1
Project("{2150E333-8FDC-42A3-9474-1A3956D46DE8}") = "Microservices", "Microservices", "{DAE47973-F19B-4D17-9582-D83C56B6FD22}"
EndProject
Project("{2150E333-8FDC-42A3-9474-1A3956D46DE8}") = "Domain", "Domain", "{F63F764B-99F1-438F-851A-CF6059CD99C4}"
EndProject
Project("{2150E333-8FDC-42A3-9474-1A3956D46DE8}") = "Infra.Bus", "Infra.Bus", "{5F676318-DC1E-4E12-B598-E9B03FD27F7A}"
EndProject
Project("{2150E333-8FDC-42A3-9474-1A3956D46DE8}") = "Infra.IoC", "Infra.IoC", "{C3C82D5A-CE45-4D8B-8815-83B5385863D6}"
EndProject
Project("{2150E333-8FDC-42A3-9474-1A3956D46DE8}") = "Presentation", "Presentation", "{753C3BDD-4800-44CE-8FEA-AD103D9173C6}"
EndProject
Project("{9A19103F-16F7-4668-BE54-9A1E7A4F7556}") = "MicroRabbit.Domain.Core", "MicroRabbit.Domain.Core\MicroRabbit.Domain.Core.csproj", "{2A173EFC-25A5-40B8-AB5D-BCF7A65F4511}"
EndProject
Project("{FAE04EC0-301F-11D3-BF4B-00C04F79EFBC}") = "MicroRabbit.Infra.Bus", "MicroRabbit.Infra.Bus\MicroRabbit.Infra.Bus.csproj", "{B113859A-E9B7-4C67-BF45-72B564441B13}"
EndProject
Global
	GlobalSection(SolutionConfigurationPlatforms) = preSolution
		Debug|Any CPU = Debug|Any CPU
		Release|Any CPU = Release|Any CPU
	EndGlobalSection
	GlobalSection(ProjectConfigurationPlatforms) = postSolution
		{2A173EFC-25A5-40B8-AB5D-BCF7A65F4511}.Debug|Any CPU.ActiveCfg = Debug|Any CPU
		{2A173EFC-25A5-40B8-AB5D-BCF7A65F4511}.Debug|Any CPU.Build.0 = Debug|Any CPU
		{2A173EFC-25A5-40B8-AB5D-BCF7A65F4511}.Release|Any CPU.ActiveCfg = Release|Any CPU
		{2A173EFC-25A5-40B8-AB5D-BCF7A65F4511}.Release|Any CPU.Build.0 = Release|Any CPU
		{B113859A-E9B7-4C67-BF45-72B564441B13}.Debug|Any CPU.ActiveCfg = Debug|Any CPU
		{B113859A-E9B7-4C67-BF45-72B564441B13}.Debug|Any CPU.Build.0 = Debug|Any CPU
		{B113859A-E9B7-4C67-BF45-72B564441B13}.Release|Any CPU.ActiveCfg = Release|Any CPU
		{B113859A-E9B7-4C67-BF45-72B564441B13}.Release|Any CPU.Build.0 = Release|Any CPU
	EndGlobalSection
	GlobalSection(SolutionProperties) = preSolution
		HideSolutionNode = FALSE
	EndGlobalSection
	GlobalSection(NestedProjects) = preSolution
		{2A173EFC-25A5-40B8-AB5D-BCF7A65F4511} = {F63F764B-99F1-438F-851A-CF6059CD99C4}
		{B113859A-E9B7-4C67-BF45-72B564441B13} = {5F676318-DC1E-4E12-B598-E9B03FD27F7A}
	EndGlobalSection
	GlobalSection(ExtensibilityGlobals) = postSolution
		SolutionGuid = {12BF3F12-F105-4951-9B63-EF08AE906E19}
	EndGlobalSection
EndGlobal
